
Microsoft Visual Studio Solution File, Format Version 12.00
# Visual Studio 15
VisualStudioVersion = 15.0.26730.16
MinimumVisualStudioVersion = 10.0.40219.1
Project("{FAE04EC0-301F-11D3-BF4B-00C04F79EFBC}") = "Twilio", "Twilio\Twilio.csproj", "{785A3C54-2EFB-48AC-BA94-79563192D512}"
EndProject
Project("{FAE04EC0-301F-11D3-BF4B-00C04F79EFBC}") = "O2.Telephony.Api", "O2.Telephony.Api\O2.Telephony.Api.csproj", "{8D4F82F8-4F44-4617-A318-151E8BBA62CF}"
EndProject
Project("{FAE04EC0-301F-11D3-BF4B-00C04F79EFBC}") = "O2.Telephony.Models", "O2.Telephony.Models\O2.Telephony.Models.csproj", "{39284CC3-F2CA-4C38-9678-2D130418ED9E}"
EndProject
Project("{FAE04EC0-301F-11D3-BF4B-00C04F79EFBC}") = "O2.Telephony.Dal", "O2.Telephony.Dal\O2.Telephony.Dal.csproj", "{8C779FE6-DB2F-481D-AFB8-3019E9B3702C}"
EndProject
Project("{FAE04EC0-301F-11D3-BF4B-00C04F79EFBC}") = "O2.Telephony.Provider", "O2.Telephony.Provider\O2.Telephony.Provider.csproj", "{282D6922-C093-449F-A2A1-6C645881AE3E}"
EndProject
Project("{FAE04EC0-301F-11D3-BF4B-00C04F79EFBC}") = "O2.Telephony.Logic", "O2.Telephony.Logic\O2.Telephony.Logic.csproj", "{7D3E2844-5051-4448-80D4-049F116BBAB1}"
EndProject
Global
	GlobalSection(SolutionConfigurationPlatforms) = preSolution
		Debug|Any CPU = Debug|Any CPU
		Release|Any CPU = Release|Any CPU
	EndGlobalSection
	GlobalSection(ProjectConfigurationPlatforms) = postSolution
		{785A3C54-2EFB-48AC-BA94-79563192D512}.Debug|Any CPU.ActiveCfg = Debug|Any CPU
		{785A3C54-2EFB-48AC-BA94-79563192D512}.Debug|Any CPU.Build.0 = Debug|Any CPU
		{785A3C54-2EFB-48AC-BA94-79563192D512}.Release|Any CPU.ActiveCfg = Release|Any CPU
		{785A3C54-2EFB-48AC-BA94-79563192D512}.Release|Any CPU.Build.0 = Release|Any CPU
		{8D4F82F8-4F44-4617-A318-151E8BBA62CF}.Debug|Any CPU.ActiveCfg = Debug|Any CPU
		{8D4F82F8-4F44-4617-A318-151E8BBA62CF}.Debug|Any CPU.Build.0 = Debug|Any CPU
		{8D4F82F8-4F44-4617-A318-151E8BBA62CF}.Release|Any CPU.ActiveCfg = Release|Any CPU
		{8D4F82F8-4F44-4617-A318-151E8BBA62CF}.Release|Any CPU.Build.0 = Release|Any CPU
		{39284CC3-F2CA-4C38-9678-2D130418ED9E}.Debug|Any CPU.ActiveCfg = Debug|Any CPU
		{39284CC3-F2CA-4C38-9678-2D130418ED9E}.Debug|Any CPU.Build.0 = Debug|Any CPU
		{39284CC3-F2CA-4C38-9678-2D130418ED9E}.Release|Any CPU.ActiveCfg = Release|Any CPU
		{39284CC3-F2CA-4C38-9678-2D130418ED9E}.Release|Any CPU.Build.0 = Release|Any CPU
		{8C779FE6-DB2F-481D-AFB8-3019E9B3702C}.Debug|Any CPU.ActiveCfg = Debug|Any CPU
		{8C779FE6-DB2F-481D-AFB8-3019E9B3702C}.Debug|Any CPU.Build.0 = Debug|Any CPU
		{8C779FE6-DB2F-481D-AFB8-3019E9B3702C}.Release|Any CPU.ActiveCfg = Release|Any CPU
		{8C779FE6-DB2F-481D-AFB8-3019E9B3702C}.Release|Any CPU.Build.0 = Release|Any CPU
		{282D6922-C093-449F-A2A1-6C645881AE3E}.Debug|Any CPU.ActiveCfg = Debug|Any CPU
		{282D6922-C093-449F-A2A1-6C645881AE3E}.Debug|Any CPU.Build.0 = Debug|Any CPU
		{282D6922-C093-449F-A2A1-6C645881AE3E}.Release|Any CPU.ActiveCfg = Release|Any CPU
		{282D6922-C093-449F-A2A1-6C645881AE3E}.Release|Any CPU.Build.0 = Release|Any CPU
		{7D3E2844-5051-4448-80D4-049F116BBAB1}.Debug|Any CPU.ActiveCfg = Debug|Any CPU
		{7D3E2844-5051-4448-80D4-049F116BBAB1}.Debug|Any CPU.Build.0 = Debug|Any CPU
		{7D3E2844-5051-4448-80D4-049F116BBAB1}.Release|Any CPU.ActiveCfg = Release|Any CPU
		{7D3E2844-5051-4448-80D4-049F116BBAB1}.Release|Any CPU.Build.0 = Release|Any CPU
	EndGlobalSection
	GlobalSection(SolutionProperties) = preSolution
		HideSolutionNode = FALSE
	EndGlobalSection
	GlobalSection(ExtensibilityGlobals) = postSolution
		SolutionGuid = {F767BAF1-061E-4536-9A86-DDD1F961EC0C}
	EndGlobalSection
EndGlobal
